# This file is autogenerated, do not edit; changes may be undone by the next 'dep ensure'.


[[projects]]
  name = "github.com/aws/aws-sdk-go"
  packages = ["aws","aws/awserr","aws/awsutil","aws/client","aws/client/metadata","aws/corehandlers","aws/credentials","aws/credentials/ec2rolecreds","aws/credentials/endpointcreds","aws/credentials/processcreds","aws/credentials/stscreds","aws/crr","aws/csm","aws/defaults","aws/ec2metadata","aws/endpoints","aws/request","aws/session","aws/signer/v4","internal/ini","internal/sdkio","internal/sdkrand","internal/sdkuri","internal/shareddefaults","private/protocol","private/protocol/json/jsonutil","private/protocol/jsonrpc","private/protocol/query","private/protocol/query/queryutil","private/protocol/rest","private/protocol/xml/xmlutil","service/dynamodb","service/dynamodb/dynamodbattribute","service/sts"]
  revision = "a21788f1964e28dc1e3932e595db6707ce8070cf"
  version = "v1.16.7"

[[projects]]
  branch = "master"
  name = "github.com/golang/geo"
  packages = ["r1","r2","r3","s1","s2"]
  revision = "476085157cff9aaeef4d4f124649436542d4114a"

[[projects]]
  name = "github.com/jmespath/go-jmespath"
  packages = ["."]
  revision = "c2b33e84"

[solve-meta]
  analyzer-name = "dep"
  analyzer-version = 1
  inputs-digest = "69eae457a61367c9ff8727f0b3ba35f362c66ec1fa30e3028b29ba12af89e03c"
  solver-name = "gps-cdcl"
  solver-version = 1
